
Microsoft Visual Studio Solution File, Format Version 12.00
# Visual Studio Version 17
VisualStudioVersion = 17.3.32825.248
MinimumVisualStudioVersion = 10.0.40219.1
Project("{FAE04EC0-301F-11D3-BF4B-00C04F79EFBC}") = "UmbracoLia", "UmbracoLia\UmbracoLia.csproj", "{2F221830-A02D-477C-9CAA-56BFA4A4DA8C}"
EndProject
Global
	GlobalSection(SolutionConfigurationPlatforms) = preSolution
		Debug|Any CPU = Debug|Any CPU
		Release|Any CPU = Release|Any CPU
	EndGlobalSection
	GlobalSection(ProjectConfigurationPlatforms) = postSolution
		{2F221830-A02D-477C-9CAA-56BFA4A4DA8C}.Debug|Any CPU.ActiveCfg = Debug|Any CPU
		{2F221830-A02D-477C-9CAA-56BFA4A4DA8C}.Debug|Any CPU.Build.0 = Debug|Any CPU
		{2F221830-A02D-477C-9CAA-56BFA4A4DA8C}.Release|Any CPU.ActiveCfg = Release|Any CPU
		{2F221830-A02D-477C-9CAA-56BFA4A4DA8C}.Release|Any CPU.Build.0 = Release|Any CPU
	EndGlobalSection
	GlobalSection(SolutionProperties) = preSolution
		HideSolutionNode = FALSE
	EndGlobalSection
	GlobalSection(ExtensibilityGlobals) = postSolution
		SolutionGuid = {AB843029-59BD-4DD9-BFB9-A11B81779374}
	EndGlobalSection
EndGlobal
